PODS:
  - HFMoMain (0.2.0):
    - HFMoMain/Controller (= 0.2.0)
    - HFMoMain/PublicAPI (= 0.2.0)
    - HFMoMain/View (= 0.2.0)
    - HFRouter (= 0.2.0)
  - HFMoMain/Controller (0.2.0):
    - HFMoMain/View
    - HFRouter (= 0.2.0)
  - HFMoMain/PublicAPI (0.2.0):
    - HFMoMain/Controller
    - HFMoMain/View
    - HFRouter (= 0.2.0)
  - HFMoMain/View (0.2.0):
    - HFRouter (= 0.2.0)
  - HFRouter (0.2.0):
    - HFRouter/CTMediator (= 0.2.0)
    - HFRouter/MGJRouter (= 0.2.0)
  - HFRouter/CTMediator (0.2.0)
  - HFRouter/MGJRouter (0.2.0)
  - HFUtils (1.1.0):
    - HFUtils/AlertView (= 1.1.0)
    - HFUtils/Constraint (= 1.1.0)
    - HFUtils/HUD (= 1.1.0)
    - HFUtils/Model (= 1.1.0)
    - HFUtils/PullMenuView (= 1.1.0)
    - HFUtils/Reachability (= 1.1.0)
    - HFUtils/SwipeCell (= 1.1.0)
    - HFUtils/Timer (= 1.1.0)
    - HFUtils/UserDefaults (= 1.1.0)
    - HFUtils/UUID (= 1.1.0)
    - HFUtils/ViewStatus (= 1.1.0)
    - HFUtils/Window (= 1.1.0)
  - HFUtils/AlertView (1.1.0):
    - HFUtils/Window
  - HFUtils/Constraint (1.1.0)
  - HFUtils/HUD (1.1.0):
    - HFUtils/Window
  - HFUtils/Model (1.1.0)
  - HFUtils/PullMenuView (1.1.0)
  - HFUtils/Reachability (1.1.0)
  - HFUtils/SwipeCell (1.1.0)
  - HFUtils/Timer (1.1.0)
  - HFUtils/UserDefaults (1.1.0)
  - HFUtils/UUID (1.1.0)
  - HFUtils/ViewStatus (1.1.0):
    - HFUtils/Constraint
  - HFUtils/Window (1.1.0)

DEPENDENCIES:
  - HFMoMain (= 0.2.0)
  - HFUtils (from `../`)

SPEC REPOS:
  trunk:
    - HFMoMain
    - HFRouter

EXTERNAL SOURCES:
  HFUtils:
    :path: "../"

SPEC CHECKSUMS:
  HFMoMain: d12dc888d595f4528265e6f4d949378607c47017
  HFRouter: d5ea85100b758cb378b3facbb6d35007a2c28f69
  HFUtils: d0f3ad71e0af0d44513a0dd48bcbffd8dd3477e0

PODFILE CHECKSUM: 77aa66db30bea7bd248b77427ee738dec68b3a6e

COCOAPODS: 1.16.2
